# This file is automatically @generated by Poetry and should not be changed by hand.

[[package]]
name = "black"
version = "22.12.0"
description = "The uncompromising code formatter."
category = "dev"
optional = false
python-versions = ">=3.7"
files = [
    {file = "black-22.12.0-cp310-cp310-manylinux_2_17_x86_64.manylinux2014_x86_64.whl", hash = "sha256:9eedd20838bd5d75b80c9f5487dbcb06836a43833a37846cf1d8c1cc01cef59d"},
    {file = "black-22.12.0-cp310-cp310-win_amd64.whl", hash = "sha256:159a46a4947f73387b4d83e87ea006dbb2337eab6c879620a3ba52699b1f4351"},
    {file = "black-22.12.0-cp311-cp311-manylinux_2_17_x86_64.manylinux2014_x86_64.whl", hash = "sha256:d30b212bffeb1e252b31dd269dfae69dd17e06d92b87ad26e23890f3efea366f"},
    {file = "black-22.12.0-cp311-cp311-win_amd64.whl", hash = "sha256:7412e75863aa5c5411886804678b7d083c7c28421210180d67dfd8cf1221e1f4"},
    {file = "black-22.12.0-cp37-cp37m-manylinux_2_17_x86_64.manylinux2014_x86_64.whl", hash = "sha256:c116eed0efb9ff870ded8b62fe9f28dd61ef6e9ddd28d83d7d264a38417dcee2"},
    {file = "black-22.12.0-cp37-cp37m-win_amd64.whl", hash = "sha256:1f58cbe16dfe8c12b7434e50ff889fa479072096d79f0a7f25e4ab8e94cd8350"},
    {file = "black-22.12.0-cp38-cp38-manylinux_2_17_x86_64.manylinux2014_x86_64.whl", hash = "sha256:77d86c9f3db9b1bf6761244bc0b3572a546f5fe37917a044e02f3166d5aafa7d"},
    {file = "black-22.12.0-cp38-cp38-win_amd64.whl", hash = "sha256:82d9fe8fee3401e02e79767016b4907820a7dc28d70d137eb397b92ef3cc5bfc"},
    {file = "black-22.12.0-cp39-cp39-manylinux_2_17_x86_64.manylinux2014_x86_64.whl", hash = "sha256:101c69b23df9b44247bd88e1d7e90154336ac4992502d4197bdac35dd7ee3320"},
    {file = "black-22.12.0-cp39-cp39-win_amd64.whl", hash = "sha256:559c7a1ba9a006226f09e4916060982fd27334ae1998e7a38b3f33a37f7a2148"},
    {file = "black-22.12.0-py3-none-any.whl", hash = "sha256:436cc9167dd28040ad90d3b404aec22cedf24a6e4d7de221bec2730ec0c97bcf"},
    {file = "black-22.12.0.tar.gz", hash = "sha256:229351e5a18ca30f447bf724d007f890f97e13af070bb6ad4c0a441cd7596a2f"},
]

[package.dependencies]
click = ">=8.0.0"
mypy-extensions = ">=0.4.3"
pathspec = ">=0.9.0"
platformdirs = ">=2"
tomli = {version = ">=1.1.0", markers = "python_full_version < \"3.11.0a7\""}
typing-extensions = {version = ">=3.10.0.0", markers = "python_version < \"3.10\""}

[package.extras]
colorama = ["colorama (>=0.4.3)"]
d = ["aiohttp (>=3.7.4)"]
jupyter = ["ipython (>=7.8.0)", "tokenize-rt (>=3.2.0)"]
uvloop = ["uvloop (>=0.15.2)"]

[package.source]
type = "legacy"
url = "https://pypi.tuna.tsinghua.edu.cn/simple"
reference = "tsinghua"

[[package]]
name = "click"
version = "8.1.3"
description = "Composable command line interface toolkit"
category = "dev"
optional = false
python-versions = ">=3.7"
files = [
    {file = "click-8.1.3-py3-none-any.whl", hash = "sha256:bb4d8133cb15a609f44e8213d9b391b0809795062913b383c62be0ee95b1db48"},
    {file = "click-8.1.3.tar.gz", hash = "sha256:7682dc8afb30297001674575ea00d1814d808d6a36af415a82bd481d37ba7b8e"},
]

[package.dependencies]
colorama = {version = "*", markers = "platform_system == \"Windows\""}

[package.source]
type = "legacy"
url = "https://pypi.tuna.tsinghua.edu.cn/simple"
reference = "tsinghua"

[[package]]
name = "colorama"
version = "0.4.6"
description = "Cross-platform colored terminal text."
category = "dev"
optional = false
python-versions = "!=3.0.*,!=3.1.*,!=3.2.*,!=3.3.*,!=3.4.*,!=3.5.*,!=3.6.*,>=2.7"
files = [
    {file = "colorama-0.4.6-py2.py3-none-any.whl", hash = "sha256:4f1d9991f5acc0ca119f9d443620b77f9d6b33703e51011c16baf57afb285fc6"},
    {file = "colorama-0.4.6.tar.gz", hash = "sha256:08695f5cb7ed6e0531a20572697297273c47b8cae5a63ffc6d6ed5c201be6e44"},
]

[package.source]
type = "legacy"
url = "https://pypi.tuna.tsinghua.edu.cn/simple"
reference = "tsinghua"

[[package]]
name = "isort"
version = "5.11.4"
description = "A Python utility / library to sort Python imports."
category = "dev"
optional = false
python-versions = ">=3.7.0"
files = [
    {file = "isort-5.11.4-py3-none-any.whl", hash = "sha256:c033fd0edb91000a7f09527fe5c75321878f98322a77ddcc81adbd83724afb7b"},
    {file = "isort-5.11.4.tar.gz", hash = "sha256:6db30c5ded9815d813932c04c2f85a360bcdd35fed496f4d8f35495ef0a261b6"},
]

[package.extras]
colors = ["colorama (>=0.4.3,<0.5.0)"]
pipfile-deprecated-finder = ["pipreqs", "requirementslib"]
plugins = ["setuptools"]
requirements-deprecated-finder = ["pip-api", "pipreqs"]

[package.source]
type = "legacy"
url = "https://pypi.tuna.tsinghua.edu.cn/simple"
reference = "tsinghua"

[[package]]
name = "mypy"
version = "0.991"
description = "Optional static typing for Python"
category = "dev"
optional = false
python-versions = ">=3.7"
files = [
    {file = "mypy-0.991-cp310-cp310-macosx_10_9_universal2.whl", hash = "sha256:7d17e0a9707d0772f4a7b878f04b4fd11f6f5bcb9b3813975a9b13c9332153ab"},
    {file = "mypy-0.991-cp310-cp310-macosx_10_9_x86_64.whl", hash = "sha256:0714258640194d75677e86c786e80ccf294972cc76885d3ebbb560f11db0003d"},
    {file = "mypy-0.991-cp310-cp310-macosx_11_0_arm64.whl", hash = "sha256:0c8f3be99e8a8bd403caa8c03be619544bc2c77a7093685dcf308c6b109426c6"},
    {file = "mypy-0.991-cp310-cp310-manylinux_2_17_x86_64.manylinux2014_x86_64.whl", hash = "sha256:bc9ec663ed6c8f15f4ae9d3c04c989b744436c16d26580eaa760ae9dd5d662eb"},
    {file = "mypy-0.991-cp310-cp310-musllinux_1_1_x86_64.whl", hash = "sha256:4307270436fd7694b41f913eb09210faff27ea4979ecbcd849e57d2da2f65305"},
    {file = "mypy-0.991-cp310-cp310-win_amd64.whl", hash = "sha256:901c2c269c616e6cb0998b33d4adbb4a6af0ac4ce5cd078afd7bc95830e62c1c"},
    {file = "mypy-0.991-cp311-cp311-macosx_10_9_universal2.whl", hash = "sha256:d13674f3fb73805ba0c45eb6c0c3053d218aa1f7abead6e446d474529aafc372"},
    {file = "mypy-0.991-cp311-cp311-macosx_10_9_x86_64.whl", hash = "sha256:1c8cd4fb70e8584ca1ed5805cbc7c017a3d1a29fb450621089ffed3e99d1857f"},
    {file = "mypy-0.991-cp311-cp311-macosx_11_0_arm64.whl", hash = "sha256:209ee89fbb0deed518605edddd234af80506aec932ad28d73c08f1400ef80a33"},
    {file = "mypy-0.991-cp311-cp311-manylinux_2_17_x86_64.manylinux2014_x86_64.whl", hash = "sha256:37bd02ebf9d10e05b00d71302d2c2e6ca333e6c2a8584a98c00e038db8121f05"},
    {file = "mypy-0.991-cp311-cp311-musllinux_1_1_x86_64.whl", hash = "sha256:26efb2fcc6b67e4d5a55561f39176821d2adf88f2745ddc72751b7890f3194ad"},
    {file = "mypy-0.991-cp311-cp311-win_amd64.whl", hash = "sha256:3a700330b567114b673cf8ee7388e949f843b356a73b5ab22dd7cff4742a5297"},
    {file = "mypy-0.991-cp37-cp37m-macosx_10_9_x86_64.whl", hash = "sha256:1f7d1a520373e2272b10796c3ff721ea1a0712288cafaa95931e66aa15798813"},
    {file = "mypy-0.991-cp37-cp37m-manylinux_2_17_x86_64.manylinux2014_x86_64.whl", hash = "sha256:641411733b127c3e0dab94c45af15fea99e4468f99ac88b39efb1ad677da5711"},
    {file = "mypy-0.991-cp37-cp37m-musllinux_1_1_x86_64.whl", hash = "sha256:3d80e36b7d7a9259b740be6d8d906221789b0d836201af4234093cae89ced0cd"},
    {file = "mypy-0.991-cp37-cp37m-win_amd64.whl", hash = "sha256:e62ebaad93be3ad1a828a11e90f0e76f15449371ffeecca4a0a0b9adc99abcef"},
    {file = "mypy-0.991-cp38-cp38-macosx_10_9_universal2.whl", hash = "sha256:b86ce2c1866a748c0f6faca5232059f881cda6dda2a893b9a8373353cfe3715a"},
    {file = "mypy-0.991-cp38-cp38-macosx_10_9_x86_64.whl", hash = "sha256:ac6e503823143464538efda0e8e356d871557ef60ccd38f8824a4257acc18d93"},
    {file = "mypy-0.991-cp38-cp38-macosx_11_0_arm64.whl", hash = "sha256:0cca5adf694af539aeaa6ac633a7afe9bbd760df9d31be55ab780b77ab5ae8bf"},
    {file = "mypy-0.991-cp38-cp38-manylinux_2_17_x86_64.manylinux2014_x86_64.whl", hash = "sha256:a12c56bf73cdab116df96e4ff39610b92a348cc99a1307e1da3c3768bbb5b135"},
    {file = "mypy-0.991-cp38-cp38-musllinux_1_1_x86_64.whl", hash = "sha256:652b651d42f155033a1967739788c436491b577b6a44e4c39fb340d0ee7f0d70"},
    {file = "mypy-0.991-cp38-cp38-win_amd64.whl", hash = "sha256:4175593dc25d9da12f7de8de873a33f9b2b8bdb4e827a7cae952e5b1a342e243"},
    {file = "mypy-0.991-cp39-cp39-macosx_10_9_universal2.whl", hash = "sha256:98e781cd35c0acf33eb0295e8b9c55cdbef64fcb35f6d3aa2186f289bed6e80d"},
    {file = "mypy-0.991-cp39-cp39-macosx_10_9_x86_64.whl", hash = "sha256:6d7464bac72a85cb3491c7e92b5b62f3dcccb8af26826257760a552a5e244aa5"},
    {file = "mypy-0.991-cp39-cp39-macosx_11_0_arm64.whl", hash = "sha256:c9166b3f81a10cdf9b49f2d594b21b31adadb3d5e9db9b834866c3258b695be3"},
    {file = "mypy-0.991-cp39-cp39-manylinux_2_17_x86_64.manylinux2014_x86_64.whl", hash = "sha256:b8472f736a5bfb159a5e36740847808f6f5b659960115ff29c7cecec1741c648"},
    {file = "mypy-0.991-cp39-cp39-musllinux_1_1_x86_64.whl", hash = "sha256:5e80e758243b97b618cdf22004beb09e8a2de1af481382e4d84bc52152d1c476"},
    {file = "mypy-0.991-cp39-cp39-win_amd64.whl", hash = "sha256:74e259b5c19f70d35fcc1ad3d56499065c601dfe94ff67ae48b85596b9ec1461"},
    {file = "mypy-0.991-py3-none-any.whl", hash = "sha256:de32edc9b0a7e67c2775e574cb061a537660e51210fbf6006b0b36ea695ae9bb"},
    {file = "mypy-0.991.tar.gz", hash = "sha256:3c0165ba8f354a6d9881809ef29f1a9318a236a6d81c690094c5df32107bde06"},
]

[package.dependencies]
mypy-extensions = ">=0.4.3"
tomli = {version = ">=1.1.0", markers = "python_version < \"3.11\""}
typing-extensions = ">=3.10"

[package.extras]
dmypy = ["psutil (>=4.0)"]
install-types = ["pip"]
python2 = ["typed-ast (>=1.4.0,<2)"]
reports = ["lxml"]

[package.source]
type = "legacy"
url = "https://pypi.tuna.tsinghua.edu.cn/simple"
reference = "tsinghua"

[[package]]
name = "mypy-extensions"
version = "0.4.3"
description = "Experimental type system extensions for programs checked with the mypy typechecker."
category = "dev"
optional = false
python-versions = "*"
files = [
    {file = "mypy_extensions-0.4.3-py2.py3-none-any.whl", hash = "sha256:090fedd75945a69ae91ce1303b5824f428daf5a028d2f6ab8a299250a846f15d"},
    {file = "mypy_extensions-0.4.3.tar.gz", hash = "sha256:2d82818f5bb3e369420cb3c4060a7970edba416647068eb4c5343488a6c604a8"},
]

[package.source]
type = "legacy"
url = "https://pypi.tuna.tsinghua.edu.cn/simple"
reference = "tsinghua"

[[package]]
name = "pathspec"
version = "0.10.3"
description = "Utility library for gitignore style pattern matching of file paths."
category = "dev"
optional = false
python-versions = ">=3.7"
files = [
    {file = "pathspec-0.10.3-py3-none-any.whl", hash = "sha256:3c95343af8b756205e2aba76e843ba9520a24dd84f68c22b9f93251507509dd6"},
    {file = "pathspec-0.10.3.tar.gz", hash = "sha256:56200de4077d9d0791465aa9095a01d421861e405b5096955051deefd697d6f6"},
]

[package.source]
type = "legacy"
url = "https://pypi.tuna.tsinghua.edu.cn/simple"
reference = "tsinghua"

[[package]]
name = "platformdirs"
version = "2.6.2"
description = "A small Python package for determining appropriate platform-specific dirs, e.g. a \"user data dir\"."
category = "dev"
optional = false
python-versions = ">=3.7"
files = [
    {file = "platformdirs-2.6.2-py3-none-any.whl", hash = "sha256:83c8f6d04389165de7c9b6f0c682439697887bca0aa2f1c87ef1826be3584490"},
    {file = "platformdirs-2.6.2.tar.gz", hash = "sha256:e1fea1fe471b9ff8332e229df3cb7de4f53eeea4998d3b6bfff542115e998bd2"},
]

[package.extras]
docs = ["furo (>=2022.12.7)", "proselint (>=0.13)", "sphinx (>=5.3)", "sphinx-autodoc-typehints (>=1.19.5)"]
test = ["appdirs (==1.4.4)", "covdefaults (>=2.2.2)", "pytest (>=7.2)", "pytest-cov (>=4)", "pytest-mock (>=3.10)"]

[package.source]
type = "legacy"
url = "https://pypi.tuna.tsinghua.edu.cn/simple"
reference = "tsinghua"

[[package]]
name = "pyside6"
version = "6.4.2"
description = "Python bindings for the Qt cross-platform application and UI framework"
category = "main"
optional = false
python-versions = "<3.12,>=3.7"
files = [
    {file = "PySide6-6.4.2-cp37-abi3-macosx_10_9_universal2.whl", hash = "sha256:e5f8f413743cc28b18e10b3d35a50f1410ed2874a376cd136ffa6030e5ed78fa"},
    {file = "PySide6-6.4.2-cp37-abi3-manylinux_2_28_x86_64.whl", hash = "sha256:b9f132133e0681c5d1d47d533108cc9d35f96486251a9f23bdac6f3b6aa53a1c"},
    {file = "PySide6-6.4.2-cp37-abi3-win_amd64.whl", hash = "sha256:59dafe1f608d5363afa17d318377ac78d686907d6a1292754887b9229632f36e"},
    {file = "PySide6-6.4.2-pp39-pypy39_pp73-macosx_10_9_universal2.whl", hash = "sha256:40830c2a5d1a19cedb33638f85b505831e172fa2630b95f11e993614187e8562"},
    {file = "PySide6-6.4.2-pp39-pypy39_pp73-manylinux_2_28_x86_64.whl", hash = "sha256:74b49be890662511eb8f279cf4862f7452c1ec7dbb61839f6a9baa0efdefce66"},
    {file = "PySide6-6.4.2-pp39-pypy39_pp73-win_amd64.whl", hash = "sha256:0985a75aa5ff42f93e5e0a0034d2c00f4dfc9a5cda3d63a8f9c5da3096dc7e04"},
]

[package.dependencies]
PySide6-Addons = "6.4.2"
PySide6-Essentials = "6.4.2"
shiboken6 = "6.4.2"

[package.source]
type = "legacy"
url = "https://pypi.tuna.tsinghua.edu.cn/simple"
reference = "tsinghua"

[[package]]
name = "pyside6-addons"
version = "6.4.2"
description = "Python bindings for the Qt cross-platform application and UI framework (Addons)"
category = "main"
optional = false
python-versions = "<3.12,>=3.7"
files = [
    {file = "PySide6_Addons-6.4.2-cp37-abi3-macosx_10_9_universal2.whl", hash = "sha256:e94d3d6385723c6c3c78b321498e6ab7331f67c77d6233d314c98b89cc629449"},
    {file = "PySide6_Addons-6.4.2-cp37-abi3-manylinux_2_28_x86_64.whl", hash = "sha256:5c06fa0e1bc6269b9e80e004f928eadc4c7f07bca51e41b375f79f3dc17c94ea"},
    {file = "PySide6_Addons-6.4.2-cp37-abi3-win_amd64.whl", hash = "sha256:03245466c3844681cdd7d350c1c94444cafff4c86394b44b6bff32643a9668c6"},
    {file = "PySide6_Addons-6.4.2-pp39-pypy39_pp73-macosx_10_9_universal2.whl", hash = "sha256:101bfe096a426eab15cc02f4d5755ace564ce53693cb44b3fc66223709d999b5"},
    {file = "PySide6_Addons-6.4.2-pp39-pypy39_pp73-manylinux_2_28_x86_64.whl", hash = "sha256:f5160f28cec8068f717150d7e9a054c6ae0034c75e404b9ae198f620e8bcc7c3"},
    {file = "PySide6_Addons-6.4.2-pp39-pypy39_pp73-win_amd64.whl", hash = "sha256:9fddedee6d5d3c0c98677f421530402a4107f4b4ad773c596d5dd21366f88abf"},
]

[package.dependencies]
PySide6-Essentials = "6.4.2"
shiboken6 = "6.4.2"

[package.source]
type = "legacy"
url = "https://pypi.tuna.tsinghua.edu.cn/simple"
reference = "tsinghua"

[[package]]
name = "pyside6-essentials"
version = "6.4.2"
description = "Python bindings for the Qt cross-platform application and UI framework (Essentials)"
category = "main"
optional = false
python-versions = "<3.12,>=3.7"
files = [
    {file = "PySide6_Essentials-6.4.2-cp37-abi3-macosx_10_9_universal2.whl", hash = "sha256:8f208567e27c9caede517f07ec53cb6b3f9472d72866080393f3150393683c46"},
    {file = "PySide6_Essentials-6.4.2-cp37-abi3-manylinux_2_28_x86_64.whl", hash = "sha256:8c3d37cca6e27f6da12b50b20e741d593ccc857bdcdb82d97f8f7c8bfe53639a"},
    {file = "PySide6_Essentials-6.4.2-cp37-abi3-win_amd64.whl", hash = "sha256:8061b68d7eb4ace0ad4443c66747ebac92f686ba704ac343f58e9e9eed8f1c0f"},
    {file = "PySide6_Essentials-6.4.2-pp39-pypy39_pp73-macosx_10_9_universal2.whl", hash = "sha256:459202678a5217d1b1ad44ca6da2033e73082d702eafd842c1bf6952e243eb65"},
    {file = "PySide6_Essentials-6.4.2-pp39-pypy39_pp73-manylinux_2_28_x86_64.whl", hash = "sha256:7d01e1fd4136cbc3f5516d1c7187a694dd5b6d09a4be3de6e184d0845070ba85"},
    {file = "PySide6_Essentials-6.4.2-pp39-pypy39_pp73-win_amd64.whl", hash = "sha256:0b00979a37a2cf0b848d5ac1eb595e4480687f0ddd34d82cbc738dfe7e8976bc"},
]

[package.dependencies]
shiboken6 = "6.4.2"

[package.source]
type = "legacy"
url = "https://pypi.tuna.tsinghua.edu.cn/simple"
reference = "tsinghua"

[[package]]
name = "shiboken6"
version = "6.4.2"
description = "Python/C++ bindings helper module"
category = "main"
optional = false
python-versions = "<3.12,>=3.7"
files = [
    {file = "shiboken6-6.4.2-cp37-abi3-macosx_10_9_universal2.whl", hash = "sha256:6131d32cce4114924dabea313fc345745f95ce567631349f2fad170ebff4bfee"},
    {file = "shiboken6-6.4.2-cp37-abi3-manylinux_2_28_x86_64.whl", hash = "sha256:0616c1a12d1e51e680595b3940b986275c1df952a751416a0730a59e5b90105f"},
    {file = "shiboken6-6.4.2-cp37-abi3-win_amd64.whl", hash = "sha256:2278f8d6ab6f3377e82f72b6305e06bd53e9e479729de489e7a5205296bdb74e"},
    {file = "shiboken6-6.4.2-pp39-pypy39_pp73-macosx_10_9_universal2.whl", hash = "sha256:0c706fd0e6eeb49d807aaef08f078526eb35bee1d84209cf66cb1ff70508b93a"},
    {file = "shiboken6-6.4.2-pp39-pypy39_pp73-manylinux_2_28_x86_64.whl", hash = "sha256:58511b2d0f77f3153b0371e0da2730db38195cb72e5d450e32a52db25c6af06d"},
    {file = "shiboken6-6.4.2-pp39-pypy39_pp73-win_amd64.whl", hash = "sha256:d66bfdd80bbb3c8f9165afad4bb8786434a75456a36f8ee90b583c31ef311a50"},
]

[package.source]
type = "legacy"
url = "https://pypi.tuna.tsinghua.edu.cn/simple"
reference = "tsinghua"

[[package]]
name = "tomli"
version = "2.0.1"
description = "A lil' TOML parser"
category = "dev"
optional = false
python-versions = ">=3.7"
files = [
    {file = "tomli-2.0.1-py3-none-any.whl", hash = "sha256:939de3e7a6161af0c887ef91b7d41a53e7c5a1ca976325f429cb46ea9bc30ecc"},
    {file = "tomli-2.0.1.tar.gz", hash = "sha256:de526c12914f0c550d15924c62d72abc48d6fe7364aa87328337a31007fe8a4f"},
]

[package.source]
type = "legacy"
url = "https://pypi.tuna.tsinghua.edu.cn/simple"
reference = "tsinghua"

[[package]]
name = "typing-extensions"
version = "4.4.0"
description = "Backported and Experimental Type Hints for Python 3.7+"
category = "dev"
optional = false
python-versions = ">=3.7"
files = [
    {file = "typing_extensions-4.4.0-py3-none-any.whl", hash = "sha256:16fa4864408f655d35ec496218b85f79b3437c829e93320c7c9215ccfd92489e"},
    {file = "typing_extensions-4.4.0.tar.gz", hash = "sha256:1511434bb92bf8dd198c12b1cc812e800d4181cfcb867674e0f8279cc93087aa"},
]

[package.source]
type = "legacy"
url = "https://pypi.tuna.tsinghua.edu.cn/simple"
reference = "tsinghua"

[metadata]
lock-version = "2.0"
python-versions = ">=3.9,<3.12"
content-hash = "ed052a402708c02e16a1084e171996ecdcf5c23b6a3097b62cfd6e230ac3b11e"
